{
  "name": "@aws/threat-composer-e2e",
  "version": "0.0.0",
  "lockfileVersion": 3,
  "requires": true,
  "packages": {
    "": {
      "name": "@aws/threat-composer-e2e",
      "version": "0.0.0",
      "hasInstallScript": true,
      "license": "Apache-2.0",
      "devDependencies": {
        "@cloudscape-design/components": "3.0.1352",
        "@playwright/test": "1.62.1",
        "@typescript/native": "npm:typescript@7.0.2",
        "typescript": "npm:@typescript/typescript6@6.0.2"
      }
    },
    "node_modules/@babel/runtime": {
      "version": "7.29.7",
      "resolved": "https://registry.npmjs.org/@babel/runtime/-/runtime-7.29.7.tgz",
      "integrity": "sha512-Nq8OhGWiZIZGV6hLHoyAKLLcJihP/xFeBMGJoUrxTX2psI8dCifzLhZISFb+VWS3wFMRDmCGw5R+dOySCqPLhw==",
      "dev": true,
      "license": "MIT",
      "engines": {
        "node": ">=6.9.0"
      }
    },
    "node_modules/@cloudscape-design/collection-hooks": {
      "version": "1.0.107",
      "resolved": "https://registry.npmjs.org/@cloudscape-design/collection-hooks/-/collection-hooks-1.0.107.tgz",
      "integrity": "sha512-oLfcRAlC9Xau3BKBop6HSRWzIKsP2K7p2YiwzsOncpVfAgpZdyUMjzYH8f32g/e0/D7J9aQLRN9uGX2YL7JWgg==",
      "dev": true,
      "license": "Apache-2.0",
      "dependencies": {
        "@cloudscape-design/component-toolkit": "^1.0.0-beta"
      },
      "peerDependencies": {
        "react": ">=16.8.0"
      }
    },
    "node_modules/@cloudscape-design/component-toolkit": {
      "version": "1.0.0-beta.182",
      "resolved": "https://registry.npmjs.org/@cloudscape-design/component-toolkit/-/component-toolkit-1.0.0-beta.182.tgz",
      "integrity": "sha512-K6KdRVAyCIXZJaGQOECIsfbr2YMZiVvLeYHRgjlxoT2E2qoBLFw0Q2otKoWwlbyPVRpRKBqk7+NHMRL2CPAblw==",
      "dev": true,
      "license": "Apache-2.0",
      "dependencies": {
        "tslib": "^2.3.1",
        "weekstart": "^2.0.0"
      },
      "peerDependencies": {
        "react": ">=16.8.0"
      }
    },
    "node_modules/@cloudscape-design/component-toolkit/node_modules/weekstart": {
      "version": "2.0.0",
      "resolved": "https://registry.npmjs.org/weekstart/-/weekstart-2.0.0.tgz",
      "integrity": "sha512-HjYc14IQUwDcnGICuc8tVtqAd6EFpoAQMqgrqcNtWWZB+F1b7iTq44GzwM1qvnH4upFgbhJsaNHuK93NOFheSg==",
      "dev": true,
      "license": "MIT"
    },
    "node_modules/@cloudscape-design/components": {
      "version": "3.0.1352",
      "resolved": "https://registry.npmjs.org/@cloudscape-design/components/-/components-3.0.1352.tgz",
      "integrity": "sha512-zg8rtCapRmuvDHAvTW65ULeZ6HJbF2RD29Uq8DOZe6xprAE/Lm67TzCqY2xhOs/iwEhuXYA3Gv8scm0UyqOGgg==",
      "dev": true,
      "license": "Apache-2.0",
      "dependencies": {
        "@cloudscape-design/collection-hooks": "^1.0.0",
        "@cloudscape-design/component-toolkit": "^1.0.0-beta",
        "@cloudscape-design/test-utils-core": "^1.0.0",
        "@cloudscape-design/theming-runtime": "^1.0.0",
        "@dnd-kit/core": "^6.0.8",
        "@dnd-kit/sortable": "^7.0.2",
        "@dnd-kit/utilities": "^3.2.1",
        "ace-builds": "^1.34.0",
        "clsx": "^1.1.0",
        "d3-shape": "^1.3.7",
        "date-fns": "^2.25.0",
        "intl-messageformat": "^10.3.1",
        "mnth": "^2.0.0",
        "react-is": "^18.2.0",
        "react-transition-group": "^4.4.2",
        "tslib": "^2.4.0",
        "weekstart": "^1.1.0"
      },
      "peerDependencies": {
        "react": ">=16.8.0"
      }
    },
    "node_modules/@cloudscape-design/test-utils-core": {
      "version": "1.0.89",
      "resolved": "https://registry.npmjs.org/@cloudscape-design/test-utils-core/-/test-utils-core-1.0.89.tgz",
      "integrity": "sha512-193V8iFCHFTNozSWZZcwyPOcC/FX0MeY/Yy3oBgxw1JJvOgaVmQjD1KnIBcqWLwEuB3mkWeilHAUKpKsrKjgCw==",
      "dev": true,
      "license": "Apache-2.0",
      "dependencies": {
        "css-selector-tokenizer": "^0.8.0",
        "css.escape": "^1.5.1"
      }
    },
    "node_modules/@cloudscape-design/theming-runtime": {
      "version": "1.0.126",
      "resolved": "https://registry.npmjs.org/@cloudscape-design/theming-runtime/-/theming-runtime-1.0.126.tgz",
      "integrity": "sha512-JPXb7G+kL40AmTldjzeTPovjExzA8UbHM0+G8VqC3iQg4UQZAWJj0ODNPdiVKUZ7UsiK7Cnrg9FgKD5BLYKTzg==",
      "dev": true,
      "license": "Apache-2.0",
      "dependencies": {
        "@material/material-color-utilities": "^0.3.0",
        "tslib": "^2.4.0"
      }
    },
    "node_modules/@dnd-kit/accessibility": {
      "version": "3.1.1",
      "resolved": "https://registry.npmjs.org/@dnd-kit/accessibility/-/accessibility-3.1.1.tgz",
      "integrity": "sha512-2P+YgaXF+gRsIihwwY1gCsQSYnu9Zyj2py8kY5fFvUM1qm2WA2u639R6YNVfU4GWr+ZM5mqEsfHZZLoRONbemw==",
      "dev": true,
      "license": "MIT",
      "dependencies": {
        "tslib": "^2.0.0"
      },
      "peerDependencies": {
        "react": ">=16.8.0"
      }
    },
    "node_modules/@dnd-kit/core": {
      "version": "6.3.1",
      "resolved": "https://registry.npmjs.org/@dnd-kit/core/-/core-6.3.1.tgz",
      "integrity": "sha512-xkGBRQQab4RLwgXxoqETICr6S5JlogafbhNsidmrkVv2YRs5MLwpjoF2qpiGjQt8S9AoxtIV603s0GIUpY5eYQ==",
      "dev": true,
      "license": "MIT",
      "dependencies": {
        "@dnd-kit/accessibility": "^3.1.1",
        "@dnd-kit/utilities": "^3.2.2",
        "tslib": "^2.0.0"
      },
      "peerDependencies": {
        "react": ">=16.8.0",
        "react-dom": ">=16.8.0"
      }
    },
    "node_modules/@dnd-kit/sortable": {
      "version": "7.0.2",
      "resolved": "https://registry.npmjs.org/@dnd-kit/sortable/-/sortable-7.0.2.tgz",
      "integrity": "sha512-wDkBHHf9iCi1veM834Gbk1429bd4lHX4RpAwT0y2cHLf246GAvU2sVw/oxWNpPKQNQRQaeGXhAVgrOl1IT+iyA==",
      "dev": true,
      "license": "MIT",
      "dependencies": {
        "@dnd-kit/utilities": "^3.2.0",
        "tslib": "^2.0.0"
      },
      "peerDependencies": {
        "@dnd-kit/core": "^6.0.7",
        "react": ">=16.8.0"
      }
    },
    "node_modules/@dnd-kit/utilities": {
      "version": "3.2.2",
      "resolved": "https://registry.npmjs.org/@dnd-kit/utilities/-/utilities-3.2.2.tgz",
      "integrity": "sha512-+MKAJEOfaBe5SmV6t34p80MMKhjvUz0vRrvVJbPT0WElzaOJ/1xs+D+KDv+tD/NE5ujfrChEcshd4fLn0wpiqg==",
      "dev": true,
      "license": "MIT",
      "dependencies": {
        "tslib": "^2.0.0"
      },
      "peerDependencies": {
        "react": ">=16.8.0"
      }
    },
    "node_modules/@formatjs/ecma402-abstract": {
      "version": "2.3.6",
      "resolved": "https://registry.npmjs.org/@formatjs/ecma402-abstract/-/ecma402-abstract-2.3.6.tgz",
      "integrity": "sha512-HJnTFeRM2kVFVr5gr5kH1XP6K0JcJtE7Lzvtr3FS/so5f1kpsqqqxy5JF+FRaO6H2qmcMfAUIox7AJteieRtVw==",
      "dev": true,
      "license": "MIT",
      "dependencies": {
        "@formatjs/fast-memoize": "2.2.7",
        "@formatjs/intl-localematcher": "0.6.2",
        "decimal.js": "^10.4.3",
        "tslib": "^2.8.0"
      }
    },
    "node_modules/@formatjs/fast-memoize": {
      "version": "2.2.7",
      "resolved": "https://registry.npmjs.org/@formatjs/fast-memoize/-/fast-memoize-2.2.7.tgz",
      "integrity": "sha512-Yabmi9nSvyOMrlSeGGWDiH7rf3a7sIwplbvo/dlz9WCIjzIQAfy1RMf4S0X3yG724n5Ghu2GmEl5NJIV6O9sZQ==",
      "dev": true,
      "license": "MIT",
      "dependencies": {
        "tslib": "^2.8.0"
      }
    },
    "node_modules/@formatjs/icu-messageformat-parser": {
      "version": "2.11.4",
      "resolved": "https://registry.npmjs.org/@formatjs/icu-messageformat-parser/-/icu-messageformat-parser-2.11.4.tgz",
      "integrity": "sha512-7kR78cRrPNB4fjGFZg3Rmj5aah8rQj9KPzuLsmcSn4ipLXQvC04keycTI1F7kJYDwIXtT2+7IDEto842CfZBtw==",
      "dev": true,
      "license": "MIT",
      "dependencies": {
        "@formatjs/ecma402-abstract": "2.3.6",
        "@formatjs/icu-skeleton-parser": "1.8.16",
        "tslib": "^2.8.0"
      }
    },
    "node_modules/@formatjs/icu-skeleton-parser": {
      "version": "1.8.16",
      "resolved": "https://registry.npmjs.org/@formatjs/icu-skeleton-parser/-/icu-skeleton-parser-1.8.16.tgz",
      "integrity": "sha512-H13E9Xl+PxBd8D5/6TVUluSpxGNvFSlN/b3coUp0e0JpuWXXnQDiavIpY3NnvSp4xhEMoXyyBvVfdFX8jglOHQ==",
      "dev": true,
      "license": "MIT",
      "dependencies": {
        "@formatjs/ecma402-abstract": "2.3.6",
        "tslib": "^2.8.0"
      }
    },
    "node_modules/@formatjs/intl-localematcher": {
      "version": "0.6.2",
      "resolved": "https://registry.npmjs.org/@formatjs/intl-localematcher/-/intl-localematcher-0.6.2.tgz",
      "integrity": "sha512-XOMO2Hupl0wdd172Y06h6kLpBz6Dv+J4okPLl4LPtzbr8f66WbIoy4ev98EBuZ6ZK4h5ydTN6XneT4QVpD7cdA==",
      "dev": true,
      "license": "MIT",
      "dependencies": {
        "tslib": "^2.8.0"
      }
    },
    "node_modules/@material/material-color-utilities": {
      "version": "0.3.0",
      "resolved": "https://registry.npmjs.org/@material/material-color-utilities/-/material-color-utilities-0.3.0.tgz",
      "integrity": "sha512-ztmtTd6xwnuh2/xu+Vb01btgV8SQWYCaK56CkRK8gEkWe5TuDyBcYJ0wgkMRn+2VcE9KUmhvkz+N9GHrqw/C0g==",
      "dev": true,
      "license": "Apache-2.0"
    },
    "node_modules/@playwright/test": {
      "version": "1.62.1",
      "resolved": "https://registry.npmjs.org/@playwright/test/-/test-1.62.1.tgz",
      "integrity": "sha512-DTcUc8qii+cpHvtOwggMtBRMjKZHXYWdw8syRYu2vtzuq4Wxphqq4NfCs5Zt44L6mA8rfDfj+PHnxFc/FeK6mQ==",
      "dev": true,
      "license": "Apache-2.0",
      "dependencies": {
        "playwright": "1.62.1"
      },
      "bin": {
        "playwright": "cli.js"
      },
      "engines": {
        "node": ">=20"
      }
    },
    "node_modules/@typescript/native": {
      "name": "typescript",
      "version": "7.0.2",
      "resolved": "https://registry.npmjs.org/typescript/-/typescript-7.0.2.tgz",
      "integrity": "sha512-8FYau96o3NKOhbjKi/qNvG/W5jhzxkbdm5sj9AbZ/5T5sWqn3hJgLfGx27sRKZWTvyzCP8dLRBTf5tBTSRVUNA==",
      "dev": true,
      "license": "Apache-2.0",
      "bin": {
        "tsc": "bin/tsc"
      },
      "engines": {
        "node": ">=16.20.0"
      },
      "optionalDependencies": {
        "@typescript/typescript-aix-ppc64": "7.0.2",
        "@typescript/typescript-darwin-arm64": "7.0.2",
        "@typescript/typescript-darwin-x64": "7.0.2",
        "@typescript/typescript-freebsd-arm64": "7.0.2",
        "@typescript/typescript-freebsd-x64": "7.0.2",
        "@typescript/typescript-linux-arm": "7.0.2",
        "@typescript/typescript-linux-arm64": "7.0.2",
        "@typescript/typescript-linux-loong64": "7.0.2",
        "@typescript/typescript-linux-mips64el": "7.0.2",
        "@typescript/typescript-linux-ppc64": "7.0.2",
        "@typescript/typescript-linux-riscv64": "7.0.2",
        "@typescript/typescript-linux-s390x": "7.0.2",
        "@typescript/typescript-linux-x64": "7.0.2",
        "@typescript/typescript-netbsd-arm64": "7.0.2",
        "@typescript/typescript-netbsd-x64": "7.0.2",
        "@typescript/typescript-openbsd-arm64": "7.0.2",
        "@typescript/typescript-openbsd-x64": "7.0.2",
        "@typescript/typescript-sunos-x64": "7.0.2",
        "@typescript/typescript-win32-arm64": "7.0.2",
        "@typescript/typescript-win32-x64": "7.0.2"
      }
    },
    "node_modules/@typescript/old": {
      "name": "typescript",
      "version": "6.0.3",
      "resolved": "https://registry.npmjs.org/typescript/-/typescript-6.0.3.tgz",
      "integrity": "sha512-y2TvuxSZPDyQakkFRPZHKFm+KKVqIisdg9/CZwm9ftvKXLP8NRWj38/ODjNbr43SsoXqNuAisEf1GdCxqWcdBw==",
      "dev": true,
      "license": "Apache-2.0",
      "bin": {
        "tsc": "bin/tsc",
        "tsserver": "bin/tsserver"
      },
      "engines": {
        "node": ">=14.17"
      }
    },
    "node_modules/@typescript/typescript-aix-ppc64": {
      "version": "7.0.2",
      "resolved": "https://registry.npmjs.org/@typescript/typescript-aix-ppc64/-/typescript-aix-ppc64-7.0.2.tgz",
      "integrity": "sha512-MTKKkWB7p/0E9xi1d1tHtZ5PiLkGEMIq88pK2CubZjOsLtYTLqhgIgi6zepFa+9GHZ6h05NMCkQxGKiPXMxXtQ==",
      "cpu": [
        "ppc64"
      ],
      "dev": true,
      "license": "Apache-2.0",
      "optional": true,
      "os": [
        "aix"
      ],
      "engines": {
        "node": ">=16.20.0"
      }
    },
    "node_modules/@typescript/typescript-darwin-arm64": {
      "version": "7.0.2",
      "resolved": "https://registry.npmjs.org/@typescript/typescript-darwin-arm64/-/typescript-darwin-arm64-7.0.2.tgz",
      "integrity": "sha512-gowzar9MwS/aRWp6f3a4KUqzRjAZjOsmGNCM6LcTgXum+dBfgsBVMN+AgvOCCbguXyick6LJhpBszxMebJ8syA==",
      "cpu": [
        "arm64"
      ],
      "dev": true,
      "license": "Apache-2.0",
      "optional": true,
      "os": [
        "darwin"
      ],
      "engines": {
        "node": ">=16.20.0"
      }
    },
    "node_modules/@typescript/typescript-darwin-x64": {
      "version": "7.0.2",
      "resolved": "https://registry.npmjs.org/@typescript/typescript-darwin-x64/-/typescript-darwin-x64-7.0.2.tgz",
      "integrity": "sha512-SZ9xZInqApNlNGc9s0W1VSsktYSOe9cFqNOIqmN1Gs8SmkjKZYFt017G4VwPxASInODuAdbTW7sXiFUf893RgA==",
      "cpu": [
        "x64"
      ],
      "dev": true,
      "license": "Apache-2.0",
      "optional": true,
      "os": [
        "darwin"
      ],
      "engines": {
        "node": ">=16.20.0"
      }
    },
    "node_modules/@typescript/typescript-freebsd-arm64": {
      "version": "7.0.2",
      "resolved": "https://registry.npmjs.org/@typescript/typescript-freebsd-arm64/-/typescript-freebsd-arm64-7.0.2.tgz",
      "integrity": "sha512-W5NH4y/J0plIIS5b2xvTEkU7JFxyqdMAOgf+Ilhl0vHQXKO5dZoxd+C/jEtq56c4F3wk71RB4BMRQ2XdI+bwYQ==",
      "cpu": [
        "arm64"
      ],
      "dev": true,
      "license": "Apache-2.0",
      "optional": true,
      "os": [
        "freebsd"
      ],
      "engines": {
        "node": ">=16.20.0"
      }
    },
    "node_modules/@typescript/typescript-freebsd-x64": {
      "version": "7.0.2",
      "resolved": "https://registry.npmjs.org/@typescript/typescript-freebsd-x64/-/typescript-freebsd-x64-7.0.2.tgz",
      "integrity": "sha512-UMGDx5sTpzNw3WiPebH7l90IWfJggEd+egHt/q6p7/Cm3zqoV7VxkGXt+3DxPIw8CcmvAB0j3sVVfbhX+M4Tpw==",
      "cpu": [
        "x64"
      ],
      "dev": true,
      "license": "Apache-2.0",
      "optional": true,
      "os": [
        "freebsd"
      ],
      "engines": {
        "node": ">=16.20.0"
      }
    },
    "node_modules/@typescript/typescript-linux-arm": {
      "version": "7.0.2",
      "resolved": "https://registry.npmjs.org/@typescript/typescript-linux-arm/-/typescript-linux-arm-7.0.2.tgz",
      "integrity": "sha512-gffT3xPz9sR7j/YJExkyPntrI0P2EP9XbOyWzth2/Gs0RstK+90RBcO0ncXoXy/beYll1SXw846Nf2zdnEz0QQ==",
      "cpu": [
        "arm"
      ],
      "dev": true,
      "license": "Apache-2.0",
      "optional": true,
      "os": [
        "linux"
      ],
      "engines": {
        "node": ">=16.20.0"
      }
    },
    "node_modules/@typescript/typescript-linux-arm64": {
      "version": "7.0.2",
      "resolved": "https://registry.npmjs.org/@typescript/typescript-linux-arm64/-/typescript-linux-arm64-7.0.2.tgz",
      "integrity": "sha512-Qh4eU4/y3yDjnfjjyPYihMj5/ODIlmt+Bzu17OI+fiSRDW57QmU5SiN63exPRNJPKUzcc1INa1NXdrJ+MqHjUQ==",
      "cpu": [
        "arm64"
      ],
      "dev": true,
      "license": "Apache-2.0",
      "optional": true,
      "os": [
        "linux"
      ],
      "engines": {
        "node": ">=16.20.0"
      }
    },
    "node_modules/@typescript/typescript-linux-loong64": {
      "version": "7.0.2",
      "resolved": "https://registry.npmjs.org/@typescript/typescript-linux-loong64/-/typescript-linux-loong64-7.0.2.tgz",
      "integrity": "sha512-uEHck9i8hoAzXPiYRib1O7miOnz23SxIeVl6F4LXox+qov1K35jHcEW6VHKvZI+pyvl7fZEP4MCU5LYvIq1GuQ==",
      "cpu": [
        "loong64"
      ],
      "dev": true,
      "license": "Apache-2.0",
      "optional": true,
      "os": [
        "linux"
      ],
      "engines": {
        "node": ">=16.20.0"
      }
    },
    "node_modules/@typescript/typescript-linux-mips64el": {
      "version": "7.0.2",
      "resolved": "https://registry.npmjs.org/@typescript/typescript-linux-mips64el/-/typescript-linux-mips64el-7.0.2.tgz",
      "integrity": "sha512-R4KvAMnE43W5Qeqb0Ly56O3mWMWIAgsMyz36DCaycd5nbg/9kzm0liw3JocfRqyJY0KPmzFjbswozXyW0DnIYA==",
      "cpu": [
        "mips64el"
      ],
      "dev": true,
      "license": "Apache-2.0",
      "optional": true,
      "os": [
        "linux"
      ],
      "engines": {
        "node": ">=16.20.0"
      }
    },
    "node_modules/@typescript/typescript-linux-ppc64": {
      "version": "7.0.2",
      "resolved": "https://registry.npmjs.org/@typescript/typescript-linux-ppc64/-/typescript-linux-ppc64-7.0.2.tgz",
      "integrity": "sha512-DORx5b3sd/4S7eayxm4FQv+A7CrkUIGRaHiwI8oiHTAI1fAPWhF4J0vAlkC8biAlHSVVwxMQ3tjZ2/DVbnQiiA==",
      "cpu": [
        "ppc64"
      ],
      "dev": true,
      "license": "Apache-2.0",
      "optional": true,
      "os": [
        "linux"
      ],
      "engines": {
        "node": ">=16.20.0"
      }
    },
    "node_modules/@typescript/typescript-linux-riscv64": {
      "version": "7.0.2",
      "resolved": "https://registry.npmjs.org/@typescript/typescript-linux-riscv64/-/typescript-linux-riscv64-7.0.2.tgz",
      "integrity": "sha512-wf0jqEDOjrPRnKwYRyyJDRo11KMbvMFrU+q4zqKyChODBzvlkbhNQfKvLxQCcwTpdDaXSHZTVuh0JoCrKCUMHQ==",
      "cpu": [
        "riscv64"
      ],
      "dev": true,
      "license": "Apache-2.0",
      "optional": true,
      "os": [
        "linux"
      ],
      "engines": {
        "node": ">=16.20.0"
      }
    },
    "node_modules/@typescript/typescript-linux-s390x": {
      "version": "7.0.2",
      "resolved": "https://registry.npmjs.org/@typescript/typescript-linux-s390x/-/typescript-linux-s390x-7.0.2.tgz",
      "integrity": "sha512-IkwJc3L7yhytWd/ewjyxNDfOmswCm9GWMJT/ue/dU4aZNbwZeYAetq42VyLmsmSjvoX7z74X6ZaYCtzAr0EuGw==",
      "cpu": [
        "s390x"
      ],
      "dev": true,
      "license": "Apache-2.0",
      "optional": true,
      "os": [
        "linux"
      ],
      "engines": {
        "node": ">=16.20.0"
      }
    },
    "node_modules/@typescript/typescript-linux-x64": {
      "version": "7.0.2",
      "resolved": "https://registry.npmjs.org/@typescript/typescript-linux-x64/-/typescript-linux-x64-7.0.2.tgz",
      "integrity": "sha512-EYdf2cNg7rgCWJnxCdJ+F3V39O8ihb37eHAu1LK8oAFizgTQbPOK7zHHXbPt8rX24COqODXeI3sIf0fCXG7H/A==",
      "cpu": [
        "x64"
      ],
      "dev": true,
      "license": "Apache-2.0",
      "optional": true,
      "os": [
        "linux"
      ],
      "engines": {
        "node": ">=16.20.0"
      }
    },
    "node_modules/@typescript/typescript-netbsd-arm64": {
      "version": "7.0.2",
      "resolved": "https://registry.npmjs.org/@typescript/typescript-netbsd-arm64/-/typescript-netbsd-arm64-7.0.2.tgz",
      "integrity": "sha512-+polYF4MF04aPpO5FTkHran9yUQDSXqy5GiSDKpsll5jy3l3+g9QLhpf39T+ePtefhXLOGrLl0QIjkQP6VnelA==",
      "cpu": [
        "arm64"
      ],
      "dev": true,
      "license": "Apache-2.0",
      "optional": true,
      "os": [
        "netbsd"
      ],
      "engines": {
        "node": ">=16.20.0"
      }
    },
    "node_modules/@typescript/typescript-netbsd-x64": {
      "version": "7.0.2",
      "resolved": "https://registry.npmjs.org/@typescript/typescript-netbsd-x64/-/typescript-netbsd-x64-7.0.2.tgz",
      "integrity": "sha512-8YIT0EHM/3dq10ZOVF/A7pc/YSMtbcecct4rWtexrnSCHOPcpC2KTLXfTCR6vDpnSiY12heNb1GiN/wu+T/FyA==",
      "cpu": [
        "x64"
      ],
      "dev": true,
      "license": "Apache-2.0",
      "optional": true,
      "os": [
        "netbsd"
      ],
      "engines": {
        "node": ">=16.20.0"
      }
    },
    "node_modules/@typescript/typescript-openbsd-arm64": {
      "version": "7.0.2",
      "resolved": "https://registry.npmjs.org/@typescript/typescript-openbsd-arm64/-/typescript-openbsd-arm64-7.0.2.tgz",
      "integrity": "sha512-APT8+ClYnuYm1u9+kgGXoMj2VzWzcymwh2gNSQVySHfkRDGOTVkoWLjCmOQSaO+PoqQ57B0flRp9SA+7GnnkzQ==",
      "cpu": [
        "arm64"
      ],
      "dev": true,
      "license": "Apache-2.0",
      "optional": true,
      "os": [
        "openbsd"
      ],
      "engines": {
        "node": ">=16.20.0"
      }
    },
    "node_modules/@typescript/typescript-openbsd-x64": {
      "version": "7.0.2",
      "resolved": "https://registry.npmjs.org/@typescript/typescript-openbsd-x64/-/typescript-openbsd-x64-7.0.2.tgz",
      "integrity": "sha512-yX7s+Q0Dln0Dt9tEzZsAjXXR/+ytBM7AlglaqyeMPxQszJ1JhlJdZ6jLA+IzldHtflX81em7lDao1xXu+aRRkg==",
      "cpu": [
        "x64"
      ],
      "dev": true,
      "license": "Apache-2.0",
      "optional": true,
      "os": [
        "openbsd"
      ],
      "engines": {
        "node": ">=16.20.0"
      }
    },
    "node_modules/@typescript/typescript-sunos-x64": {
      "version": "7.0.2",
      "resolved": "https://registry.npmjs.org/@typescript/typescript-sunos-x64/-/typescript-sunos-x64-7.0.2.tgz",
      "integrity": "sha512-dLJDGaLZ1D4HPQn62u1n8mBDkJREwMsAkCdkwd4Ieqw+x3TUyTsqY0YiBCtE6H6OzzgGk3iuZ3vFWRS+E8/d1g==",
      "cpu": [
        "x64"
      ],
      "dev": true,
      "license": "Apache-2.0",
      "optional": true,
      "os": [
        "sunos"
      ],
      "engines": {
        "node": ">=16.20.0"
      }
    },
    "node_modules/@typescript/typescript-win32-arm64": {
      "version": "7.0.2",
      "resolved": "https://registry.npmjs.org/@typescript/typescript-win32-arm64/-/typescript-win32-arm64-7.0.2.tgz",
      "integrity": "sha512-Gyl1Vy6OsWesLzmq+EP0Fb7b4Nid5232AvcA2SFcdYreldpNtYFFofPjnt62y9hQy7VTaZp65ICJjuAQRaVcIQ==",
      "cpu": [
        "arm64"
      ],
      "dev": true,
      "license": "Apache-2.0",
      "optional": true,
      "os": [
        "win32"
      ],
      "engines": {
        "node": ">=16.20.0"
      }
    },
    "node_modules/@typescript/typescript-win32-x64": {
      "version": "7.0.2",
      "resolved": "https://registry.npmjs.org/@typescript/typescript-win32-x64/-/typescript-win32-x64-7.0.2.tgz",
      "integrity": "sha512-0BQ3HkAHHlKLSp1qRvf3SUhGpGsDuhB/jgFw75guyqbxJqEaS0Cw/VFO8i2nHglJUzQCRtMMR/IBAKE3ETMC4g==",
      "cpu": [
        "x64"
      ],
      "dev": true,
      "license": "Apache-2.0",
      "optional": true,
      "os": [
        "win32"
      ],
      "engines": {
        "node": ">=16.20.0"
      }
    },
    "node_modules/ace-builds": {
      "version": "1.44.0",
      "resolved": "https://registry.npmjs.org/ace-builds/-/ace-builds-1.44.0.tgz",
      "integrity": "sha512-PFNMSYqFdEUkul2Ntud0HvA09AgY+F1ag0UYdpMH60wNI/qOA8cB8tlTgoALMEwIdUPJK2CjrIQ7OnbiSS/ugQ==",
      "dev": true,
      "license": "BSD-3-Clause"
    },
    "node_modules/clsx": {
      "version": "1.2.1",
      "resolved": "https://registry.npmjs.org/clsx/-/clsx-1.2.1.tgz",
      "integrity": "sha512-EcR6r5a8bj6pu3ycsa/E/cKVGuTgZJZdsyUYHOksG/UHIiKfjxzRxYJpyVBwYaQeOvghal9fcc4PidlgzugAQg==",
      "dev": true,
      "license": "MIT",
      "engines": {
        "node": ">=6"
      }
    },
    "node_modules/css-selector-tokenizer": {
      "version": "0.8.0",
      "resolved": "https://registry.npmjs.org/css-selector-tokenizer/-/css-selector-tokenizer-0.8.0.tgz",
      "integrity": "sha512-Jd6Ig3/pe62/qe5SBPTN8h8LeUg/pT4lLgtavPf7updwwHpvFzxvOQBHYj2LZDMjUnBzgvIUSjRcf6oT5HzHFg==",
      "dev": true,
      "license": "MIT",
      "dependencies": {
        "cssesc": "^3.0.0",
        "fastparse": "^1.1.2"
      }
    },
    "node_modules/css.escape": {
      "version": "1.5.1",
      "resolved": "https://registry.npmjs.org/css.escape/-/css.escape-1.5.1.tgz",
      "integrity": "sha512-YUifsXXuknHlUsmlgyY0PKzgPOr7/FjCePfHNt0jxm83wHZi44VDMQ7/fGNkjY3/jV1MC+1CmZbaHzugyeRtpg==",
      "dev": true,
      "license": "MIT"
    },
    "node_modules/cssesc": {
      "version": "3.0.0",
      "resolved": "https://registry.npmjs.org/cssesc/-/cssesc-3.0.0.tgz",
      "integrity": "sha512-/Tb/JcjK111nNScGob5MNtsntNM1aCNUDipB/TkwZFhyDrrE47SOx/18wF2bbjgc3ZzCSKW1T5nt5EbFoAz/Vg==",
      "dev": true,
      "license": "MIT",
      "bin": {
        "cssesc": "bin/cssesc"
      },
      "engines": {
        "node": ">=4"
      }
    },
    "node_modules/csstype": {
      "version": "3.2.3",
      "resolved": "https://registry.npmjs.org/csstype/-/csstype-3.2.3.tgz",
      "integrity": "sha512-z1HGKcYy2xA8AGQfwrn0PAy+PB7X/GSj3UVJW9qKyn43xWa+gl5nXmU4qqLMRzWVLFC8KusUX8T/0kCiOYpAIQ==",
      "dev": true,
      "license": "MIT"
    },
    "node_modules/d3-path": {
      "version": "1.0.9",
      "resolved": "https://registry.npmjs.org/d3-path/-/d3-path-1.0.9.tgz",
      "integrity": "sha512-VLaYcn81dtHVTjEHd8B+pbe9yHWpXKZUC87PzoFmsFrJqgFwDe/qxfp5MlfsfM1V5E/iVt0MmEbWQ7FVIXh/bg==",
      "dev": true,
      "license": "BSD-3-Clause"
    },
    "node_modules/d3-shape": {
      "version": "1.3.7",
      "resolved": "https://registry.npmjs.org/d3-shape/-/d3-shape-1.3.7.tgz",
      "integrity": "sha512-EUkvKjqPFUAZyOlhY5gzCxCeI0Aep04LwIRpsZ/mLFelJiUfnK56jo5JMDSE7yyP2kLSb6LtF+S5chMk7uqPqw==",
      "dev": true,
      "license": "BSD-3-Clause",
      "dependencies": {
        "d3-path": "1"
      }
    },
    "node_modules/date-fns": {
      "version": "2.30.0",
      "resolved": "https://registry.npmjs.org/date-fns/-/date-fns-2.30.0.tgz",
      "integrity": "sha512-fnULvOpxnC5/Vg3NCiWelDsLiUc9bRwAPs/+LfTLNvetFCtCTN+yQz15C/fs4AwX1R9K5GLtLfn8QW+dWisaAw==",
      "dev": true,
      "license": "MIT",
      "dependencies": {
        "@babel/runtime": "^7.21.0"
      },
      "engines": {
        "node": ">=0.11"
      },
      "funding": {
        "type": "opencollective",
        "url": "https://opencollective.com/date-fns"
      }
    },
    "node_modules/decimal.js": {
      "version": "10.6.0",
      "resolved": "https://registry.npmjs.org/decimal.js/-/decimal.js-10.6.0.tgz",
      "integrity": "sha512-YpgQiITW3JXGntzdUmyUR1V812Hn8T1YVXhCu+wO3OpS4eU9l4YdD3qjyiKdV6mvV29zapkMeD390UVEf2lkUg==",
      "dev": true,
      "license": "MIT"
    },
    "node_modules/dom-helpers": {
      "version": "5.2.1",
      "resolved": "https://registry.npmjs.org/dom-helpers/-/dom-helpers-5.2.1.tgz",
      "integrity": "sha512-nRCa7CK3VTrM2NmGkIy4cbK7IZlgBE/PYMn55rrXefr5xXDP0LdtfPnblFDoVdcAfslJ7or6iqAUnx0CCGIWQA==",
      "dev": true,
      "license": "MIT",
      "dependencies": {
        "@babel/runtime": "^7.8.7",
        "csstype": "^3.0.2"
      }
    },
    "node_modules/fastparse": {
      "version": "1.1.2",
      "resolved": "https://registry.npmjs.org/fastparse/-/fastparse-1.1.2.tgz",
      "integrity": "sha512-483XLLxTVIwWK3QTrMGRqUfUpoOs/0hbQrl2oz4J0pAcm3A3bu84wxTFqGqkJzewCLdME38xJLJAxBABfQT8sQ==",
      "dev": true,
      "license": "MIT"
    },
    "node_modules/fsevents": {
      "version": "2.3.2",
      "resolved": "https://registry.npmjs.org/fsevents/-/fsevents-2.3.2.tgz",
      "integrity": "sha512-xiqMQR4xAeHTuB9uWm+fFRcIOgKBMiOBP+eXiyT7jsgVCq1bkVygt00oASowB7EdtpOHaaPgKt812P9ab+DDKA==",
      "dev": true,
      "hasInstallScript": true,
      "license": "MIT",
      "optional": true,
      "os": [
        "darwin"
      ],
      "engines": {
        "node": "^8.16.0 || ^10.6.0 || >=11.0.0"
      }
    },
    "node_modules/intl-messageformat": {
      "version": "10.7.18",
      "resolved": "https://registry.npmjs.org/intl-messageformat/-/intl-messageformat-10.7.18.tgz",
      "integrity": "sha512-m3Ofv/X/tV8Y3tHXLohcuVuhWKo7BBq62cqY15etqmLxg2DZ34AGGgQDeR+SCta2+zICb1NX83af0GJmbQ1++g==",
      "dev": true,
      "license": "BSD-3-Clause",
      "dependencies": {
        "@formatjs/ecma402-abstract": "2.3.6",
        "@formatjs/fast-memoize": "2.2.7",
        "@formatjs/icu-messageformat-parser": "2.11.4",
        "tslib": "^2.8.0"
      }
    },
    "node_modules/js-tokens": {
      "version": "4.0.0",
      "resolved": "https://registry.npmjs.org/js-tokens/-/js-tokens-4.0.0.tgz",
      "integrity": "sha512-RdJUflcE3cUzKiMqQgsCu06FPu9UdIJO0beYbPhHN4k6apgJtifcoCtT9bcxOpYBtpD2kCM6Sbzg4CausW/PKQ==",
      "dev": true,
      "license": "MIT"
    },
    "node_modules/loose-envify": {
      "version": "1.4.0",
      "resolved": "https://registry.npmjs.org/loose-envify/-/loose-envify-1.4.0.tgz",
      "integrity": "sha512-lyuxPGr/Wfhrlem2CL/UcnUc1zcqKAImBDzukY7Y5F/yQiNdko6+fRLevlw1HgMySw7f611UIY408EtxRSoK3Q==",
      "dev": true,
      "license": "MIT",
      "dependencies": {
        "js-tokens": "^3.0.0 || ^4.0.0"
      },
      "bin": {
        "loose-envify": "cli.js"
      }
    },
    "node_modules/mnth": {
      "version": "2.0.0",
      "resolved": "https://registry.npmjs.org/mnth/-/mnth-2.0.0.tgz",
      "integrity": "sha512-3ZH4UWBGpAwCKdfjynLQpUDVZWMe6vRHwarIpMdGLUp89CVR9hjzgyWERtMyqx+fPEqQ/PsAxFwvwPxLFxW40A==",
      "dev": true,
      "license": "MIT",
      "dependencies": {
        "@babel/runtime": "^7.8.0"
      },
      "engines": {
        "node": ">=12.13.0"
      }
    },
    "node_modules/object-assign": {
      "version": "4.1.1",
      "resolved": "https://registry.npmjs.org/object-assign/-/object-assign-4.1.1.tgz",
      "integrity": "sha512-rJgTQnkUnH1sFw8yT6VSU3zD3sWmu6sZhIseY8VX+GRu3P6F7Fu+JNDoXfklElbLJSnc3FUQHVe4cU5hj+BcUg==",
      "dev": true,
      "license": "MIT",
      "engines": {
        "node": ">=0.10.0"
      }
    },
    "node_modules/playwright": {
      "version": "1.62.1",
      "resolved": "https://registry.npmjs.org/playwright/-/playwright-1.62.1.tgz",
      "integrity": "sha512-0M+L3LAD8/nm554LOla9Ayx0j0tmFZ0FBcoQ7F1VuVHpM/XpiC8RcDzBQB8W5+hA8L22THxELzeF+2WcUzvcLg==",
      "dev": true,
      "license": "Apache-2.0",
      "dependencies": {
        "playwright-core": "1.62.1"
      },
      "bin": {
        "playwright": "cli.js"
      },
      "engines": {
        "node": ">=20"
      },
      "optionalDependencies": {
        "fsevents": "2.3.2"
      }
    },
    "node_modules/playwright-core": {
      "version": "1.62.1",
      "resolved": "https://registry.npmjs.org/playwright-core/-/playwright-core-1.62.1.tgz",
      "integrity": "sha512-wPYSwEBJY9GHraISXqyqtx0na0LpO3XEX7jNDhntbex7tzUS7kLnZsOlFruFJB4Hi/rhDMjXGqHewDZ68nYZVw==",
      "dev": true,
      "license": "Apache-2.0",
      "bin": {
        "playwright-core": "cli.js"
      },
      "engines": {
        "node": ">=20"
      }
    },
    "node_modules/prop-types": {
      "version": "15.8.1",
      "resolved": "https://registry.npmjs.org/prop-types/-/prop-types-15.8.1.tgz",
      "integrity": "sha512-oj87CgZICdulUohogVAR7AjlC0327U4el4L6eAvOqCeudMDVU0NThNaV+b9Df4dXgSP1gXMTnPdhfe/2qDH5cg==",
      "dev": true,
      "license": "MIT",
      "dependencies": {
        "loose-envify": "^1.4.0",
        "object-assign": "^4.1.1",
        "react-is": "^16.13.1"
      }
    },
    "node_modules/prop-types/node_modules/react-is": {
      "version": "16.13.1",
      "resolved": "https://registry.npmjs.org/react-is/-/react-is-16.13.1.tgz",
      "integrity": "sha512-24e6ynE2H+OKt4kqsOvNd8kBpV65zoxbA4BVsEOB3ARVWQki/DHzaUoC5KuON/BiccDaCCTZBuOcfZs70kR8bQ==",
      "dev": true,
      "license": "MIT"
    },
    "node_modules/react": {
      "version": "19.2.8",
      "resolved": "https://registry.npmjs.org/react/-/react-19.2.8.tgz",
      "integrity": "sha512-PWaYA1L/q9u2u7xYQi+Y3L3Yfnie7XyLeaJICV1MGD6LprsBxcAqGjYyr0eY3p+QdsA+x/Irkt4Qif8D63+Sbw==",
      "dev": true,
      "license": "MIT",
      "peer": true,
      "engines": {
        "node": ">=0.10.0"
      }
    },
    "node_modules/react-dom": {
      "version": "19.2.8",
      "resolved": "https://registry.npmjs.org/react-dom/-/react-dom-19.2.8.tgz",
      "integrity": "sha512-rVprimfGBG3DR+Tq0IQG2DT5PxKth1WIGDmj5yPmlzr4YBe7uyE+Du4oVqTDXZSHGGGXRtTJEGSSePyQCMBglQ==",
      "dev": true,
      "license": "MIT",
      "peer": true,
      "dependencies": {
        "scheduler": "^0.27.0"
      },
      "peerDependencies": {
        "react": "^19.2.8"
      }
    },
    "node_modules/react-is": {
      "version": "18.3.1",
      "resolved": "https://registry.npmjs.org/react-is/-/react-is-18.3.1.tgz",
      "integrity": "sha512-/LLMVyas0ljjAtoYiPqYiL8VWXzUUdThrmU5+n20DZv+a+ClRoevUzw5JxU+Ieh5/c87ytoTBV9G1FiKfNJdmg==",
      "dev": true,
      "license": "MIT"
    },
    "node_modules/react-transition-group": {
      "version": "4.4.5",
      "resolved": "https://registry.npmjs.org/react-transition-group/-/react-transition-group-4.4.5.tgz",
      "integrity": "sha512-pZcd1MCJoiKiBR2NRxeCRg13uCXbydPnmB4EOeRrY7480qNWO8IIgQG6zlDkm6uRMsURXPuKq0GWtiM59a5Q6g==",
      "dev": true,
      "license": "BSD-3-Clause",
      "dependencies": {
        "@babel/runtime": "^7.5.5",
        "dom-helpers": "^5.0.1",
        "loose-envify": "^1.4.0",
        "prop-types": "^15.6.2"
      },
      "peerDependencies": {
        "react": ">=16.6.0",
        "react-dom": ">=16.6.0"
      }
    },
    "node_modules/scheduler": {
      "version": "0.27.0",
      "resolved": "https://registry.npmjs.org/scheduler/-/scheduler-0.27.0.tgz",
      "integrity": "sha512-eNv+WrVbKu1f3vbYJT/xtiF5syA5HPIMtf9IgY/nKg0sWqzAUEvqY/xm7OcZc/qafLx/iO9FgOmeSAp4v5ti/Q==",
      "dev": true,
      "license": "MIT",
      "peer": true
    },
    "node_modules/tslib": {
      "version": "2.8.1",
      "resolved": "https://registry.npmjs.org/tslib/-/tslib-2.8.1.tgz",
      "integrity": "sha512-oJFu94HQb+KVduSUQL7wnpmqnfmLsOA/nAh6b6EH0wCEoK0/mPeXU6c3wKDV83MkOuHPRHtSXKKU99IBazS/2w==",
      "dev": true,
      "license": "0BSD"
    },
    "node_modules/typescript": {
      "name": "@typescript/typescript6",
      "version": "6.0.2",
      "resolved": "https://registry.npmjs.org/@typescript/typescript6/-/typescript6-6.0.2.tgz",
      "integrity": "sha512-mbCddXd+jm7hfx7w2YU64/Av4/NqqeG3GoRZgxPcgoTxYjhrcfJRw9ULch71SS4G+Q3bOXFhRvPqjguN0Hyp5w==",
      "dev": true,
      "license": "Apache-2.0",
      "dependencies": {
        "@typescript/old": "npm:typescript@^6"
      },
      "bin": {
        "tsc6": "bin/tsc6"
      }
    },
    "node_modules/weekstart": {
      "version": "1.1.0",
      "resolved": "https://registry.npmjs.org/weekstart/-/weekstart-1.1.0.tgz",
      "integrity": "sha512-ZO3I7c7J9nwGN1PZKZeBYAsuwWEsCOZi5T68cQoVNYrzrpp5Br0Bgi0OF4l8kH/Ez7nKfxa5mSsXjsgris3+qg==",
      "dev": true,
      "license": "MIT"
    }
  }
}
